
Microsoft Visual Studio Solution File, Format Version 12.00
# Visual Studio Version 17
VisualStudioVersion = 17.2.32630.192
MinimumVisualStudioVersion = 10.0.40219.1
Project("{9A19103F-16F7-4668-BE54-9A1E7A4F7556}") = "bramvandenbussche.readwiser.api", "bramvandenbussche.readwiser.api\bramvandenbussche.readwiser.api.csproj", "{3D3D5689-E555-4567-81A7-B02F0BE1383A}"
EndProject
Project("{2150E333-8FDC-42A3-9474-1A3956D46DE8}") = "Solution Items", "Solution Items", "{89F6A4FC-6CCA-44E7-86C1-696903F16B91}"
	ProjectSection(SolutionItems) = preProject
		.dockerignore = .dockerignore
		build.bat = build.bat
		.github\workflows\build-and-publish.yml = .github\workflows\build-and-publish.yml
		docker-compose.yml = docker-compose.yml
		gitversion.yml = gitversion.yml
		README.md = README.md
	EndProjectSection
EndProject
Project("{9A19103F-16F7-4668-BE54-9A1E7A4F7556}") = "bramvandenbussche.readwiser.domain", "bramvandenbussche.readwiser.domain\bramvandenbussche.readwiser.domain.csproj", "{E68BA422-02D3-4B5B-ADD5-88B462493F05}"
EndProject
Project("{9A19103F-16F7-4668-BE54-9A1E7A4F7556}") = "bramvandenbussche.readwiser.api.tests", "bramvandenbussche.readwiser.api.tests\bramvandenbussche.readwiser.api.tests.csproj", "{7381B1B8-2A59-4A72-A485-EA6FF57074D2}"
EndProject
Project("{9A19103F-16F7-4668-BE54-9A1E7A4F7556}") = "bramvandenbussche.readwiser.data.mongodb", "bramvandenbussche.readwiser.data.mongodb\bramvandenbussche.readwiser.data.mongodb.csproj", "{CEB8468F-E7CC-478C-BEF7-DB02300123B2}"
EndProject
Project("{9A19103F-16F7-4668-BE54-9A1E7A4F7556}") = "bramvandenbussche.readwiser.web", "bramvandenbussche.readwiser.web\bramvandenbussche.readwiser.web.csproj", "{4D8A41D5-D967-4316-B915-FD193118A679}"
EndProject
Global
	GlobalSection(SolutionConfigurationPlatforms) = preSolution
		Debug|Any CPU = Debug|Any CPU
		Release|Any CPU = Release|Any CPU
	EndGlobalSection
	GlobalSection(ProjectConfigurationPlatforms) = postSolution
		{3D3D5689-E555-4567-81A7-B02F0BE1383A}.Debug|Any CPU.ActiveCfg = Debug|Any CPU
		{3D3D5689-E555-4567-81A7-B02F0BE1383A}.Debug|Any CPU.Build.0 = Debug|Any CPU
		{3D3D5689-E555-4567-81A7-B02F0BE1383A}.Release|Any CPU.ActiveCfg = Release|Any CPU
		{3D3D5689-E555-4567-81A7-B02F0BE1383A}.Release|Any CPU.Build.0 = Release|Any CPU
		{E68BA422-02D3-4B5B-ADD5-88B462493F05}.Debug|Any CPU.ActiveCfg = Debug|Any CPU
		{E68BA422-02D3-4B5B-ADD5-88B462493F05}.Debug|Any CPU.Build.0 = Debug|Any CPU
		{E68BA422-02D3-4B5B-ADD5-88B462493F05}.Release|Any CPU.ActiveCfg = Release|Any CPU
		{E68BA422-02D3-4B5B-ADD5-88B462493F05}.Release|Any CPU.Build.0 = Release|Any CPU
		{7381B1B8-2A59-4A72-A485-EA6FF57074D2}.Debug|Any CPU.ActiveCfg = Debug|Any CPU
		{7381B1B8-2A59-4A72-A485-EA6FF57074D2}.Debug|Any CPU.Build.0 = Debug|Any CPU
		{7381B1B8-2A59-4A72-A485-EA6FF57074D2}.Release|Any CPU.ActiveCfg = Release|Any CPU
		{7381B1B8-2A59-4A72-A485-EA6FF57074D2}.Release|Any CPU.Build.0 = Release|Any CPU
		{CEB8468F-E7CC-478C-BEF7-DB02300123B2}.Debug|Any CPU.ActiveCfg = Debug|Any CPU
		{CEB8468F-E7CC-478C-BEF7-DB02300123B2}.Debug|Any CPU.Build.0 = Debug|Any CPU
		{CEB8468F-E7CC-478C-BEF7-DB02300123B2}.Release|Any CPU.ActiveCfg = Release|Any CPU
		{CEB8468F-E7CC-478C-BEF7-DB02300123B2}.Release|Any CPU.Build.0 = Release|Any CPU
		{4D8A41D5-D967-4316-B915-FD193118A679}.Debug|Any CPU.ActiveCfg = Debug|Any CPU
		{4D8A41D5-D967-4316-B915-FD193118A679}.Debug|Any CPU.Build.0 = Debug|Any CPU
		{4D8A41D5-D967-4316-B915-FD193118A679}.Release|Any CPU.ActiveCfg = Release|Any CPU
		{4D8A41D5-D967-4316-B915-FD193118A679}.Release|Any CPU.Build.0 = Release|Any CPU
	EndGlobalSection
	GlobalSection(SolutionProperties) = preSolution
		HideSolutionNode = FALSE
	EndGlobalSection
	GlobalSection(ExtensibilityGlobals) = postSolution
		SolutionGuid = {9489522B-D666-4822-B60B-69291464C8C5}
	EndGlobalSection
EndGlobal
